<?xml version="1.0" encoding="utf-8"?>
<Project ToolsVersion="4.0" xmlns="http://schemas.microsoft.com/developer/msbuild/2003">
  <ItemGroup>
    <Filter Include="Source Files">
      <UniqueIdentifier>{4FC737F1-C7A5-4376-A066-2A32D752A2FF}</UniqueIdentifier>
      <Extensions>cpp;c;cc;cxx;c++;cppm;ixx;def;odl;idl;hpj;bat;asm;asmx</Extensions>
    </Filter>
    <Filter Include="Header Files">
      <UniqueIdentifier>{93995380-89BD-4b04-88EB-625FBE52EBFB}</UniqueIdentifier>
      <Extensions>h;hh;hpp;hxx;h++;hm;inl;inc;ipp;xsd</Extensions>
    </Filter>
    <Filter Include="Resource Files">
      <UniqueIdentifier>{67DA6AB6-F800-4c08-8B7A-83BB121AAD01}</UniqueIdentifier>
      <Extensions>rc;ico;cur;bmp;dlg;rc2;rct;bin;rgs;gif;jpg;jpeg;jpe;resx;tiff;tif;png;wav;mfcribbon-ms</Extensions>
    </Filter>
    <Filter Include="Source Files\shared">
      <UniqueIdentifier>{28f46507-ccc3-4bd0-a2df-ba2fceb01f82}</UniqueIdentifier>
    </Filter>
    <Filter Include="Header Files\shared">
      <UniqueIdentifier>{e0f83489-038b-466d-afc2-86496632d97f}</UniqueIdentifier>
    </Filter>
    <Filter Include="Header Files\unix">
      <UniqueIdentifier>{8e2dd77f-ff5d-4233-a895-0a060ba47622}</UniqueIdentifier>
    </Filter>
    <Filter Include="Source Files\unix">
      <UniqueIdentifier>{eb7bf39a-efcb-4de1-83fe-867a8080475e}</UniqueIdentifier>
    </Filter>
    <Filter Include="Source Files\windows">
      <UniqueIdentifier>{272564df-6ff9-448a-98d9-837e52bbed2c}</UniqueIdentifier>
    </Filter>
    <Filter Include="Header Files\windows">
      <UniqueIdentifier>{032fa4c4-41a0-4357-97fb-ccb847b45fef}</UniqueIdentifier>
    </Filter>
  </ItemGroup>
  <ItemGroup>
    <ClInclude Include="shared\headers\dict.h">
      <Filter>Header Files\shared</Filter>
    </ClInclude>
    <ClInclude Include="shared\headers\game.h">
      <Filter>Header Files\shared</Filter>
    </ClInclude>
    <ClInclude Include="shared\headers\game-errcode.h">
      <Filter>Header Files\shared</Filter>
    </ClInclude>
    <ClInclude Include="shared\headers\logger.h">
      <Filter>Header Files\shared</Filter>
    </ClInclude>
    <ClInclude Include="shared\headers\texmgr.h">
      <Filter>Header Files\shared</Filter>
    </ClInclude>
    <ClInclude Include="unix\headers\game_unix.h">
      <Filter>Header Files\unix</Filter>
    </ClInclude>
    <ClInclude Include="windows\headers\game_win32.h">
      <Filter>Header Files\windows</Filter>
    </ClInclude>
  </ItemGroup>
  <ItemGroup>
    <ClCompile Include="shared\sources\dict.c">
      <Filter>Source Files\shared</Filter>
    </ClCompile>
    <ClCompile Include="shared\sources\game.c">
      <Filter>Source Files\shared</Filter>
    </ClCompile>
    <ClCompile Include="shared\sources\logger.c">
      <Filter>Source Files\shared</Filter>
    </ClCompile>
    <ClCompile Include="shared\sources\main.c">
      <Filter>Source Files\shared</Filter>
    </ClCompile>
    <ClCompile Include="shared\sources\texmgr.c">
      <Filter>Source Files\shared</Filter>
    </ClCompile>
    <ClCompile Include="unix\sources\game_unix.c">
      <Filter>Source Files\unix</Filter>
    </ClCompile>
    <ClCompile Include="windows\sources\game_win32.c">
      <Filter>Source Files\windows</Filter>
    </ClCompile>
  </ItemGroup>
</Project>